
Microsoft Visual Studio Solution File, Format Version 12.00
# Visual Studio Version 16
VisualStudioVersion = 16.0.30002.166
MinimumVisualStudioVersion = 10.0.40219.1
Project("{FAE04EC0-301F-11D3-BF4B-00C04F79EFBC}") = "Jotex", "Jotex\Jotex.csproj", "{1DAD3E00-A1C2-4A9D-A3CC-648EB5B25E1E}"
EndProject
Project("{FAE04EC0-301F-11D3-BF4B-00C04F79EFBC}") = "Repository", "Repository\Repository.csproj", "{5624230D-8382-47DD-9596-CE8FC08E2A8C}"
EndProject
Global
	GlobalSection(SolutionConfigurationPlatforms) = preSolution
		Debug|Any CPU = Debug|Any CPU
		Release|Any CPU = Release|Any CPU
	EndGlobalSection
	GlobalSection(ProjectConfigurationPlatforms) = postSolution
		{1DAD3E00-A1C2-4A9D-A3CC-648EB5B25E1E}.Debug|Any CPU.ActiveCfg = Debug|Any CPU
		{1DAD3E00-A1C2-4A9D-A3CC-648EB5B25E1E}.Debug|Any CPU.Build.0 = Debug|Any CPU
		{1DAD3E00-A1C2-4A9D-A3CC-648EB5B25E1E}.Release|Any CPU.ActiveCfg = Release|Any CPU
		{1DAD3E00-A1C2-4A9D-A3CC-648EB5B25E1E}.Release|Any CPU.Build.0 = Release|Any CPU
		{5624230D-8382-47DD-9596-CE8FC08E2A8C}.Debug|Any CPU.ActiveCfg = Debug|Any CPU
		{5624230D-8382-47DD-9596-CE8FC08E2A8C}.Debug|Any CPU.Build.0 = Debug|Any CPU
		{5624230D-8382-47DD-9596-CE8FC08E2A8C}.Release|Any CPU.ActiveCfg = Release|Any CPU
		{5624230D-8382-47DD-9596-CE8FC08E2A8C}.Release|Any CPU.Build.0 = Release|Any CPU
	EndGlobalSection
	GlobalSection(SolutionProperties) = preSolution
		HideSolutionNode = FALSE
	EndGlobalSection
	GlobalSection(ExtensibilityGlobals) = postSolution
		SolutionGuid = {70E4BA08-AFC0-4EBC-BEF8-4ABE3B876D72}
	EndGlobalSection
EndGlobal
